
Microsoft Visual Studio Solution File, Format Version 12.00
# Visual Studio Version 17
VisualStudioVersion = 17.14.36429.23
MinimumVisualStudioVersion = 10.0.40219.1
Project("{FAE04EC0-301F-11D3-BF4B-00C04F79EFBC}") = "Producto.WEB", "Producto.WEB\Producto.WEB.csproj", "{DEE9D38D-AB67-4884-912D-9A831BD849F5}"
EndProject
Project("{FAE04EC0-301F-11D3-BF4B-00C04F79EFBC}") = "Abstracciones", "Abstracciones\Abstracciones.csproj", "{A9E2A2FA-3FD6-43DA-A281-74CA1DCCC4C9}"
EndProject
Project("{FAE04EC0-301F-11D3-BF4B-00C04F79EFBC}") = "Reglas", "Reglas\Reglas.csproj", "{06A1628E-38EB-4319-BD4D-E3D1E6367590}"
EndProject
Global
	GlobalSection(SolutionConfigurationPlatforms) = preSolution
		Debug|Any CPU = Debug|Any CPU
		Release|Any CPU = Release|Any CPU
	EndGlobalSection
	GlobalSection(ProjectConfigurationPlatforms) = postSolution
		{DEE9D38D-AB67-4884-912D-9A831BD849F5}.Debug|Any CPU.ActiveCfg = Debug|Any CPU
		{DEE9D38D-AB67-4884-912D-9A831BD849F5}.Debug|Any CPU.Build.0 = Debug|Any CPU
		{DEE9D38D-AB67-4884-912D-9A831BD849F5}.Release|Any CPU.ActiveCfg = Release|Any CPU
		{DEE9D38D-AB67-4884-912D-9A831BD849F5}.Release|Any CPU.Build.0 = Release|Any CPU
		{A9E2A2FA-3FD6-43DA-A281-74CA1DCCC4C9}.Debug|Any CPU.ActiveCfg = Debug|Any CPU
		{A9E2A2FA-3FD6-43DA-A281-74CA1DCCC4C9}.Debug|Any CPU.Build.0 = Debug|Any CPU
		{A9E2A2FA-3FD6-43DA-A281-74CA1DCCC4C9}.Release|Any CPU.ActiveCfg = Release|Any CPU
		{A9E2A2FA-3FD6-43DA-A281-74CA1DCCC4C9}.Release|Any CPU.Build.0 = Release|Any CPU
		{06A1628E-38EB-4319-BD4D-E3D1E6367590}.Debug|Any CPU.ActiveCfg = Debug|Any CPU
		{06A1628E-38EB-4319-BD4D-E3D1E6367590}.Debug|Any CPU.Build.0 = Debug|Any CPU
		{06A1628E-38EB-4319-BD4D-E3D1E6367590}.Release|Any CPU.ActiveCfg = Release|Any CPU
		{06A1628E-38EB-4319-BD4D-E3D1E6367590}.Release|Any CPU.Build.0 = Release|Any CPU
	EndGlobalSection
	GlobalSection(SolutionProperties) = preSolution
		HideSolutionNode = FALSE
	EndGlobalSection
	GlobalSection(ExtensibilityGlobals) = postSolution
		SolutionGuid = {2BF92F77-9DD2-4BA7-85F9-7727FDACC0A4}
	EndGlobalSection
EndGlobal
